
Microsoft Visual Studio Solution File, Format Version 12.00
# Visual Studio 15
VisualStudioVersion = 15.0.28010.2026
MinimumVisualStudioVersion = 10.0.40219.1
Project("{9A19103F-16F7-4668-BE54-9A1E7A4F7556}") = "GnericHostConsole", "GnericHostConsole\GnericHostConsole.csproj", "{DF916B31-0967-4AE7-8CF4-0122D98507A3}"
EndProject
Project("{9A19103F-16F7-4668-BE54-9A1E7A4F7556}") = "GraphQLWeb", "GraphQLWeb\GraphQLWeb.csproj", "{F2E45D00-C722-4B5C-88FF-2B2D4D258E39}"
EndProject
Project("{9A19103F-16F7-4668-BE54-9A1E7A4F7556}") = "MiniCore", "MiniCore\MiniCore.csproj", "{C4777964-D636-458A-9854-5809E0F46D0D}"
EndProject
Project("{9A19103F-16F7-4668-BE54-9A1E7A4F7556}") = "ConcurrentDemo", "ConcurrentDemo\ConcurrentDemo.csproj", "{C4ECEF1E-3BD2-41F4-91A1-E70E8D0A16D9}"
EndProject
Project("{9A19103F-16F7-4668-BE54-9A1E7A4F7556}") = "WebApplication", "WebApplication\WebApplication.csproj", "{A94998ED-9EB9-4FAB-AF37-2FDE09F99F6B}"
EndProject
Project("{FAE04EC0-301F-11D3-BF4B-00C04F79EFBC}") = "SignarlrDemo", "SignarlrDemo\SignarlrDemo.csproj", "{B9BD1A5F-051E-491F-920B-D2E52DB6041D}"
EndProject
Global
	GlobalSection(SolutionConfigurationPlatforms) = preSolution
		Debug|Any CPU = Debug|Any CPU
		Release|Any CPU = Release|Any CPU
	EndGlobalSection
	GlobalSection(ProjectConfigurationPlatforms) = postSolution
		{DF916B31-0967-4AE7-8CF4-0122D98507A3}.Debug|Any CPU.ActiveCfg = Debug|Any CPU
		{DF916B31-0967-4AE7-8CF4-0122D98507A3}.Debug|Any CPU.Build.0 = Debug|Any CPU
		{DF916B31-0967-4AE7-8CF4-0122D98507A3}.Release|Any CPU.ActiveCfg = Release|Any CPU
		{DF916B31-0967-4AE7-8CF4-0122D98507A3}.Release|Any CPU.Build.0 = Release|Any CPU
		{F2E45D00-C722-4B5C-88FF-2B2D4D258E39}.Debug|Any CPU.ActiveCfg = Debug|Any CPU
		{F2E45D00-C722-4B5C-88FF-2B2D4D258E39}.Debug|Any CPU.Build.0 = Debug|Any CPU
		{F2E45D00-C722-4B5C-88FF-2B2D4D258E39}.Release|Any CPU.ActiveCfg = Release|Any CPU
		{F2E45D00-C722-4B5C-88FF-2B2D4D258E39}.Release|Any CPU.Build.0 = Release|Any CPU
		{C4777964-D636-458A-9854-5809E0F46D0D}.Debug|Any CPU.ActiveCfg = Debug|Any CPU
		{C4777964-D636-458A-9854-5809E0F46D0D}.Debug|Any CPU.Build.0 = Debug|Any CPU
		{C4777964-D636-458A-9854-5809E0F46D0D}.Release|Any CPU.ActiveCfg = Release|Any CPU
		{C4777964-D636-458A-9854-5809E0F46D0D}.Release|Any CPU.Build.0 = Release|Any CPU
		{C4ECEF1E-3BD2-41F4-91A1-E70E8D0A16D9}.Debug|Any CPU.ActiveCfg = Debug|Any CPU
		{C4ECEF1E-3BD2-41F4-91A1-E70E8D0A16D9}.Debug|Any CPU.Build.0 = Debug|Any CPU
		{C4ECEF1E-3BD2-41F4-91A1-E70E8D0A16D9}.Release|Any CPU.ActiveCfg = Release|Any CPU
		{C4ECEF1E-3BD2-41F4-91A1-E70E8D0A16D9}.Release|Any CPU.Build.0 = Release|Any CPU
		{A94998ED-9EB9-4FAB-AF37-2FDE09F99F6B}.Debug|Any CPU.ActiveCfg = Debug|Any CPU
		{A94998ED-9EB9-4FAB-AF37-2FDE09F99F6B}.Debug|Any CPU.Build.0 = Debug|Any CPU
		{A94998ED-9EB9-4FAB-AF37-2FDE09F99F6B}.Release|Any CPU.ActiveCfg = Release|Any CPU
		{A94998ED-9EB9-4FAB-AF37-2FDE09F99F6B}.Release|Any CPU.Build.0 = Release|Any CPU
		{B9BD1A5F-051E-491F-920B-D2E52DB6041D}.Debug|Any CPU.ActiveCfg = Debug|Any CPU
		{B9BD1A5F-051E-491F-920B-D2E52DB6041D}.Debug|Any CPU.Build.0 = Debug|Any CPU
		{B9BD1A5F-051E-491F-920B-D2E52DB6041D}.Release|Any CPU.ActiveCfg = Release|Any CPU
		{B9BD1A5F-051E-491F-920B-D2E52DB6041D}.Release|Any CPU.Build.0 = Release|Any CPU
	EndGlobalSection
	GlobalSection(SolutionProperties) = preSolution
		HideSolutionNode = FALSE
	EndGlobalSection
	GlobalSection(ExtensibilityGlobals) = postSolution
		SolutionGuid = {07324952-DAD7-4FDC-B1B9-9B6CE96F9C3A}
	EndGlobalSection
EndGlobal
