
Microsoft Visual Studio Solution File, Format Version 12.00
# Visual Studio 15
VisualStudioVersion = 15.0.28010.2026
MinimumVisualStudioVersion = 10.0.40219.1
Project("{9A19103F-16F7-4668-BE54-9A1E7A4F7556}") = "GnericHostConsole", "GnericHostConsole\GnericHostConsole.csproj", "{DF916B31-0967-4AE7-8CF4-0122D98507A3}"
EndProject
Project("{FAE04EC0-301F-11D3-BF4B-00C04F79EFBC}") = "GraphQLWeb", "GraphQLWeb\GraphQLWeb.csproj", "{F2E45D00-C722-4B5C-88FF-2B2D4D258E39}"
EndProject
Global
	GlobalSection(SolutionConfigurationPlatforms) = preSolution
		Debug|Any CPU = Debug|Any CPU
		Release|Any CPU = Release|Any CPU
	EndGlobalSection
	GlobalSection(ProjectConfigurationPlatforms) = postSolution
		{DF916B31-0967-4AE7-8CF4-0122D98507A3}.Debug|Any CPU.ActiveCfg = Debug|Any CPU
		{DF916B31-0967-4AE7-8CF4-0122D98507A3}.Debug|Any CPU.Build.0 = Debug|Any CPU
		{DF916B31-0967-4AE7-8CF4-0122D98507A3}.Release|Any CPU.ActiveCfg = Release|Any CPU
		{DF916B31-0967-4AE7-8CF4-0122D98507A3}.Release|Any CPU.Build.0 = Release|Any CPU
		{F2E45D00-C722-4B5C-88FF-2B2D4D258E39}.Debug|Any CPU.ActiveCfg = Debug|Any CPU
		{F2E45D00-C722-4B5C-88FF-2B2D4D258E39}.Debug|Any CPU.Build.0 = Debug|Any CPU
		{F2E45D00-C722-4B5C-88FF-2B2D4D258E39}.Release|Any CPU.ActiveCfg = Release|Any CPU
		{F2E45D00-C722-4B5C-88FF-2B2D4D258E39}.Release|Any CPU.Build.0 = Release|Any CPU
	EndGlobalSection
	GlobalSection(SolutionProperties) = preSolution
		HideSolutionNode = FALSE
	EndGlobalSection
	GlobalSection(ExtensibilityGlobals) = postSolution
		SolutionGuid = {07324952-DAD7-4FDC-B1B9-9B6CE96F9C3A}
	EndGlobalSection
EndGlobal
